
Microsoft Visual Studio Solution File, Format Version 12.00
# Visual Studio 15
VisualStudioVersion = 15.0.27130.2027
MinimumVisualStudioVersion = 10.0.40219.1
Project("{FAE04EC0-301F-11D3-BF4B-00C04F79EFBC}") = "StorageManagementToolLauncher", "StorageManagementToolLauncher\StorageManagementToolLauncher.csproj", "{5FF9A6E7-FE01-40F4-95BD-77E00FE3306F}"
EndProject
Project("{FAE04EC0-301F-11D3-BF4B-00C04F79EFBC}") = "ExtendedMessageBoxLibrary", "ExtendedMessageBoxLibrary\ExtendedMessageBoxLibrary.csproj", "{A421800C-1BCB-41C3-8172-8D7C3583649C}"
EndProject
Project("{FAE04EC0-301F-11D3-BF4B-00C04F79EFBC}") = "UniversalCommandlineInterface", "UniversalCommandlineInterface\UniversalCommandlineInterface.csproj", "{2D5F2F0A-D936-4B3D-837C-1B0FBA24C85E}"
EndProject
Project("{FAE04EC0-301F-11D3-BF4B-00C04F79EFBC}") = "StorageManagementCore", "StorageManagementCore\StorageManagementCore.csproj", "{338EB406-98FB-4EFF-A8DA-20060C3DDEB0}"
EndProject
Project("{FAE04EC0-301F-11D3-BF4B-00C04F79EFBC}") = "Test", "Test\Test.csproj", "{7A03EB56-1210-483C-8AFE-3B61FC3A9D0A}"
EndProject
Project("{FAE04EC0-301F-11D3-BF4B-00C04F79EFBC}") = "UnitTests", "UnitTests\UnitTests.csproj", "{4617B6A3-A549-45ED-A42A-5FCCC356A48B}"
EndProject
Project("{FAE04EC0-301F-11D3-BF4B-00C04F79EFBC}") = "UpdateInstaller", "UpdateInstaller\UpdateInstaller.csproj", "{9A0595E6-5FAF-48C1-95FB-F3EEF3344EDB}"
EndProject
Project("{9A19103F-16F7-4668-BE54-9A1E7A4F7556}") = "TranslationExtension", "TranslationExtension\TranslationExtension.csproj", "{D52E1985-6A97-45E6-92BF-202350A9B007}"
EndProject
Global
	GlobalSection(SolutionConfigurationPlatforms) = preSolution
		Debug|Any CPU = Debug|Any CPU
		Debug|x64 = Debug|x64
		Debug|x86 = Debug|x86
		Release|Any CPU = Release|Any CPU
		Release|x64 = Release|x64
		Release|x86 = Release|x86
	EndGlobalSection
	GlobalSection(ProjectConfigurationPlatforms) = postSolution
		{5FF9A6E7-FE01-40F4-95BD-77E00FE3306F}.Debug|Any CPU.ActiveCfg = Debug|Any CPU
		{5FF9A6E7-FE01-40F4-95BD-77E00FE3306F}.Debug|Any CPU.Build.0 = Debug|Any CPU
		{5FF9A6E7-FE01-40F4-95BD-77E00FE3306F}.Debug|x64.ActiveCfg = Debug|Any CPU
		{5FF9A6E7-FE01-40F4-95BD-77E00FE3306F}.Debug|x86.ActiveCfg = Debug|Any CPU
		{5FF9A6E7-FE01-40F4-95BD-77E00FE3306F}.Release|Any CPU.ActiveCfg = Debug|Any CPU
		{5FF9A6E7-FE01-40F4-95BD-77E00FE3306F}.Release|Any CPU.Build.0 = Debug|Any CPU
		{5FF9A6E7-FE01-40F4-95BD-77E00FE3306F}.Release|Any CPU.Deploy.0 = Debug|Any CPU
		{5FF9A6E7-FE01-40F4-95BD-77E00FE3306F}.Release|x64.ActiveCfg = Debug|Any CPU
		{5FF9A6E7-FE01-40F4-95BD-77E00FE3306F}.Release|x86.ActiveCfg = Debug|Any CPU
		{A421800C-1BCB-41C3-8172-8D7C3583649C}.Debug|Any CPU.ActiveCfg = Debug|Any CPU
		{A421800C-1BCB-41C3-8172-8D7C3583649C}.Debug|Any CPU.Build.0 = Debug|Any CPU
		{A421800C-1BCB-41C3-8172-8D7C3583649C}.Debug|x64.ActiveCfg = Debug|Any CPU
		{A421800C-1BCB-41C3-8172-8D7C3583649C}.Debug|x64.Build.0 = Debug|Any CPU
		{A421800C-1BCB-41C3-8172-8D7C3583649C}.Debug|x86.ActiveCfg = Debug|Any CPU
		{A421800C-1BCB-41C3-8172-8D7C3583649C}.Debug|x86.Build.0 = Debug|Any CPU
		{A421800C-1BCB-41C3-8172-8D7C3583649C}.Release|Any CPU.ActiveCfg = Release|Any CPU
		{A421800C-1BCB-41C3-8172-8D7C3583649C}.Release|Any CPU.Build.0 = Release|Any CPU
		{A421800C-1BCB-41C3-8172-8D7C3583649C}.Release|Any CPU.Deploy.0 = Release|Any CPU
		{A421800C-1BCB-41C3-8172-8D7C3583649C}.Release|x64.ActiveCfg = Release|Any CPU
		{A421800C-1BCB-41C3-8172-8D7C3583649C}.Release|x64.Build.0 = Release|Any CPU
		{A421800C-1BCB-41C3-8172-8D7C3583649C}.Release|x86.ActiveCfg = Release|Any CPU
		{A421800C-1BCB-41C3-8172-8D7C3583649C}.Release|x86.Build.0 = Release|Any CPU
		{2D5F2F0A-D936-4B3D-837C-1B0FBA24C85E}.Debug|Any CPU.ActiveCfg = Debug|Any CPU
		{2D5F2F0A-D936-4B3D-837C-1B0FBA24C85E}.Debug|Any CPU.Build.0 = Debug|Any CPU
		{2D5F2F0A-D936-4B3D-837C-1B0FBA24C85E}.Debug|x64.ActiveCfg = Debug|Any CPU
		{2D5F2F0A-D936-4B3D-837C-1B0FBA24C85E}.Debug|x64.Build.0 = Debug|Any CPU
		{2D5F2F0A-D936-4B3D-837C-1B0FBA24C85E}.Debug|x86.ActiveCfg = Debug|Any CPU
		{2D5F2F0A-D936-4B3D-837C-1B0FBA24C85E}.Debug|x86.Build.0 = Debug|Any CPU
		{2D5F2F0A-D936-4B3D-837C-1B0FBA24C85E}.Release|Any CPU.ActiveCfg = Release|Any CPU
		{2D5F2F0A-D936-4B3D-837C-1B0FBA24C85E}.Release|Any CPU.Build.0 = Release|Any CPU
		{2D5F2F0A-D936-4B3D-837C-1B0FBA24C85E}.Release|x64.ActiveCfg = Release|Any CPU
		{2D5F2F0A-D936-4B3D-837C-1B0FBA24C85E}.Release|x64.Build.0 = Release|Any CPU
		{2D5F2F0A-D936-4B3D-837C-1B0FBA24C85E}.Release|x86.ActiveCfg = Release|Any CPU
		{2D5F2F0A-D936-4B3D-837C-1B0FBA24C85E}.Release|x86.Build.0 = Release|Any CPU
		{338EB406-98FB-4EFF-A8DA-20060C3DDEB0}.Debug|Any CPU.ActiveCfg = Debug|Any CPU
		{338EB406-98FB-4EFF-A8DA-20060C3DDEB0}.Debug|Any CPU.Build.0 = Debug|Any CPU
		{338EB406-98FB-4EFF-A8DA-20060C3DDEB0}.Debug|x64.ActiveCfg = Debug|Any CPU
		{338EB406-98FB-4EFF-A8DA-20060C3DDEB0}.Debug|x64.Build.0 = Debug|Any CPU
		{338EB406-98FB-4EFF-A8DA-20060C3DDEB0}.Debug|x86.ActiveCfg = Debug|Any CPU
		{338EB406-98FB-4EFF-A8DA-20060C3DDEB0}.Debug|x86.Build.0 = Debug|Any CPU
		{338EB406-98FB-4EFF-A8DA-20060C3DDEB0}.Release|Any CPU.ActiveCfg = Release|Any CPU
		{338EB406-98FB-4EFF-A8DA-20060C3DDEB0}.Release|Any CPU.Build.0 = Release|Any CPU
		{338EB406-98FB-4EFF-A8DA-20060C3DDEB0}.Release|x64.ActiveCfg = Release|Any CPU
		{338EB406-98FB-4EFF-A8DA-20060C3DDEB0}.Release|x64.Build.0 = Release|Any CPU
		{338EB406-98FB-4EFF-A8DA-20060C3DDEB0}.Release|x86.ActiveCfg = Release|Any CPU
		{338EB406-98FB-4EFF-A8DA-20060C3DDEB0}.Release|x86.Build.0 = Release|Any CPU
		{7A03EB56-1210-483C-8AFE-3B61FC3A9D0A}.Debug|Any CPU.ActiveCfg = Debug|Any CPU
		{7A03EB56-1210-483C-8AFE-3B61FC3A9D0A}.Debug|Any CPU.Build.0 = Debug|Any CPU
		{7A03EB56-1210-483C-8AFE-3B61FC3A9D0A}.Debug|x64.ActiveCfg = Debug|Any CPU
		{7A03EB56-1210-483C-8AFE-3B61FC3A9D0A}.Debug|x64.Build.0 = Debug|Any CPU
		{7A03EB56-1210-483C-8AFE-3B61FC3A9D0A}.Debug|x86.ActiveCfg = Debug|Any CPU
		{7A03EB56-1210-483C-8AFE-3B61FC3A9D0A}.Debug|x86.Build.0 = Debug|Any CPU
		{7A03EB56-1210-483C-8AFE-3B61FC3A9D0A}.Release|Any CPU.ActiveCfg = Release|Any CPU
		{7A03EB56-1210-483C-8AFE-3B61FC3A9D0A}.Release|Any CPU.Build.0 = Release|Any CPU
		{7A03EB56-1210-483C-8AFE-3B61FC3A9D0A}.Release|x64.ActiveCfg = Release|Any CPU
		{7A03EB56-1210-483C-8AFE-3B61FC3A9D0A}.Release|x64.Build.0 = Release|Any CPU
		{7A03EB56-1210-483C-8AFE-3B61FC3A9D0A}.Release|x86.ActiveCfg = Release|Any CPU
		{7A03EB56-1210-483C-8AFE-3B61FC3A9D0A}.Release|x86.Build.0 = Release|Any CPU
		{4617B6A3-A549-45ED-A42A-5FCCC356A48B}.Debug|Any CPU.ActiveCfg = Debug|Any CPU
		{4617B6A3-A549-45ED-A42A-5FCCC356A48B}.Debug|Any CPU.Build.0 = Debug|Any CPU
		{4617B6A3-A549-45ED-A42A-5FCCC356A48B}.Debug|x64.ActiveCfg = Debug|Any CPU
		{4617B6A3-A549-45ED-A42A-5FCCC356A48B}.Debug|x64.Build.0 = Debug|Any CPU
		{4617B6A3-A549-45ED-A42A-5FCCC356A48B}.Debug|x86.ActiveCfg = Debug|Any CPU
		{4617B6A3-A549-45ED-A42A-5FCCC356A48B}.Debug|x86.Build.0 = Debug|Any CPU
		{4617B6A3-A549-45ED-A42A-5FCCC356A48B}.Release|Any CPU.ActiveCfg = Release|Any CPU
		{4617B6A3-A549-45ED-A42A-5FCCC356A48B}.Release|Any CPU.Build.0 = Release|Any CPU
		{4617B6A3-A549-45ED-A42A-5FCCC356A48B}.Release|x64.ActiveCfg = Release|Any CPU
		{4617B6A3-A549-45ED-A42A-5FCCC356A48B}.Release|x64.Build.0 = Release|Any CPU
		{4617B6A3-A549-45ED-A42A-5FCCC356A48B}.Release|x86.ActiveCfg = Release|Any CPU
		{4617B6A3-A549-45ED-A42A-5FCCC356A48B}.Release|x86.Build.0 = Release|Any CPU
		{9A0595E6-5FAF-48C1-95FB-F3EEF3344EDB}.Debug|Any CPU.ActiveCfg = Debug|Any CPU
		{9A0595E6-5FAF-48C1-95FB-F3EEF3344EDB}.Debug|Any CPU.Build.0 = Debug|Any CPU
		{9A0595E6-5FAF-48C1-95FB-F3EEF3344EDB}.Debug|x64.ActiveCfg = Debug|Any CPU
		{9A0595E6-5FAF-48C1-95FB-F3EEF3344EDB}.Debug|x64.Build.0 = Debug|Any CPU
		{9A0595E6-5FAF-48C1-95FB-F3EEF3344EDB}.Debug|x86.ActiveCfg = Debug|Any CPU
		{9A0595E6-5FAF-48C1-95FB-F3EEF3344EDB}.Debug|x86.Build.0 = Debug|Any CPU
		{9A0595E6-5FAF-48C1-95FB-F3EEF3344EDB}.Release|Any CPU.ActiveCfg = Release|Any CPU
		{9A0595E6-5FAF-48C1-95FB-F3EEF3344EDB}.Release|Any CPU.Build.0 = Release|Any CPU
		{9A0595E6-5FAF-48C1-95FB-F3EEF3344EDB}.Release|x64.ActiveCfg = Release|Any CPU
		{9A0595E6-5FAF-48C1-95FB-F3EEF3344EDB}.Release|x64.Build.0 = Release|Any CPU
		{9A0595E6-5FAF-48C1-95FB-F3EEF3344EDB}.Release|x86.ActiveCfg = Release|Any CPU
		{9A0595E6-5FAF-48C1-95FB-F3EEF3344EDB}.Release|x86.Build.0 = Release|Any CPU
		{D52E1985-6A97-45E6-92BF-202350A9B007}.Debug|Any CPU.ActiveCfg = Debug|Any CPU
		{D52E1985-6A97-45E6-92BF-202350A9B007}.Debug|Any CPU.Build.0 = Debug|Any CPU
		{D52E1985-6A97-45E6-92BF-202350A9B007}.Debug|x64.ActiveCfg = Debug|Any CPU
		{D52E1985-6A97-45E6-92BF-202350A9B007}.Debug|x64.Build.0 = Debug|Any CPU
		{D52E1985-6A97-45E6-92BF-202350A9B007}.Debug|x86.ActiveCfg = Debug|Any CPU
		{D52E1985-6A97-45E6-92BF-202350A9B007}.Debug|x86.Build.0 = Debug|Any CPU
		{D52E1985-6A97-45E6-92BF-202350A9B007}.Release|Any CPU.ActiveCfg = Release|Any CPU
		{D52E1985-6A97-45E6-92BF-202350A9B007}.Release|Any CPU.Build.0 = Release|Any CPU
		{D52E1985-6A97-45E6-92BF-202350A9B007}.Release|x64.ActiveCfg = Release|Any CPU
		{D52E1985-6A97-45E6-92BF-202350A9B007}.Release|x64.Build.0 = Release|Any CPU
		{D52E1985-6A97-45E6-92BF-202350A9B007}.Release|x86.ActiveCfg = Release|Any CPU
		{D52E1985-6A97-45E6-92BF-202350A9B007}.Release|x86.Build.0 = Release|Any CPU
	EndGlobalSection
	GlobalSection(SolutionProperties) = preSolution
		HideSolutionNode = FALSE
	EndGlobalSection
	GlobalSection(ExtensibilityGlobals) = postSolution
		SolutionGuid = {098D377C-469B-4B84-959E-4374AD489155}
		RESX_SaveFilesImmediatelyUponChange = True
	EndGlobalSection
EndGlobal
